
Microsoft Visual Studio Solution File, Format Version 12.00
# Visual Studio Version 16
VisualStudioVersion = 16.0.35425.106
MinimumVisualStudioVersion = 10.0.40219.1
Project("{FAE04EC0-301F-11D3-BF4B-00C04F79EFBC}") = "ConsoleApp8", "ConsoleApp8\ConsoleApp8.csproj", "{2169538A-2251-4841-9086-4A3E59254153}"
EndProject
Global
	GlobalSection(SolutionConfigurationPlatforms) = preSolution
		Debug|Any CPU = Debug|Any CPU
		Release|Any CPU = Release|Any CPU
	EndGlobalSection
	GlobalSection(ProjectConfigurationPlatforms) = postSolution
		{2169538A-2251-4841-9086-4A3E59254153}.Debug|Any CPU.ActiveCfg = Debug|Any CPU
		{2169538A-2251-4841-9086-4A3E59254153}.Debug|Any CPU.Build.0 = Debug|Any CPU
		{2169538A-2251-4841-9086-4A3E59254153}.Release|Any CPU.ActiveCfg = Release|Any CPU
		{2169538A-2251-4841-9086-4A3E59254153}.Release|Any CPU.Build.0 = Release|Any CPU
	EndGlobalSection
	GlobalSection(SolutionProperties) = preSolution
		HideSolutionNode = FALSE
	EndGlobalSection
	GlobalSection(ExtensibilityGlobals) = postSolution
		SolutionGuid = {CF0842B8-F8E9-40FD-B9B5-F8CAFEA162BC}
	EndGlobalSection
EndGlobal
